
Microsoft Visual Studio Solution File, Format Version 12.00
# Visual Studio Version 17
VisualStudioVersion = 17.12.35506.116
MinimumVisualStudioVersion = 10.0.40219.1
Project("{FAE04EC0-301F-11D3-BF4B-00C04F79EFBC}") = "RecyclableCalculator.Web", "RecyclableCalculator.Web\RecyclableCalculator.Web.csproj", "{CF84C192-1572-4897-AC2D-B9B034A93857}"
EndProject
Project("{2150E333-8FDC-42A3-9474-1A3956D46DE8}") = "src", "src", "{B29075A4-5D57-45F3-B7B8-C889D4DB0C8C}"
EndProject
Project("{2150E333-8FDC-42A3-9474-1A3956D46DE8}") = "tests", "tests", "{DF101905-7EE0-400B-B2E0-4FF40024FCA7}"
EndProject
Project("{FAE04EC0-301F-11D3-BF4B-00C04F79EFBC}") = "RecyclableCalculator.Core", "RecyclableCalculator.Core\RecyclableCalculator.Core.csproj", "{A4C25662-F8CC-4C98-AC96-5B95C7A4E823}"
EndProject
Global
	GlobalSection(SolutionConfigurationPlatforms) = preSolution
		Debug|Any CPU = Debug|Any CPU
		Release|Any CPU = Release|Any CPU
	EndGlobalSection
	GlobalSection(ProjectConfigurationPlatforms) = postSolution
		{CF84C192-1572-4897-AC2D-B9B034A93857}.Debug|Any CPU.ActiveCfg = Debug|Any CPU
		{CF84C192-1572-4897-AC2D-B9B034A93857}.Debug|Any CPU.Build.0 = Debug|Any CPU
		{CF84C192-1572-4897-AC2D-B9B034A93857}.Release|Any CPU.ActiveCfg = Release|Any CPU
		{CF84C192-1572-4897-AC2D-B9B034A93857}.Release|Any CPU.Build.0 = Release|Any CPU
		{A4C25662-F8CC-4C98-AC96-5B95C7A4E823}.Debug|Any CPU.ActiveCfg = Debug|Any CPU
		{A4C25662-F8CC-4C98-AC96-5B95C7A4E823}.Debug|Any CPU.Build.0 = Debug|Any CPU
		{A4C25662-F8CC-4C98-AC96-5B95C7A4E823}.Release|Any CPU.ActiveCfg = Release|Any CPU
		{A4C25662-F8CC-4C98-AC96-5B95C7A4E823}.Release|Any CPU.Build.0 = Release|Any CPU
	EndGlobalSection
	GlobalSection(SolutionProperties) = preSolution
		HideSolutionNode = FALSE
	EndGlobalSection
	GlobalSection(NestedProjects) = preSolution
		{CF84C192-1572-4897-AC2D-B9B034A93857} = {B29075A4-5D57-45F3-B7B8-C889D4DB0C8C}
		{A4C25662-F8CC-4C98-AC96-5B95C7A4E823} = {B29075A4-5D57-45F3-B7B8-C889D4DB0C8C}
	EndGlobalSection
EndGlobal
